// !$*UTF8*$!
{
	archiveVersion = 1;
	classes = {
	};
	objectVersion = 50;
	objects = {

/* Begin PBXBuildFile section */
		C08920632401B64D0019754B /* AppDelegate.swift in Sources */ = {isa = PBXBuildFile; fileRef = C08920622401B64D0019754B /* AppDelegate.swift */; };
		C08920652401B64D0019754B /* SceneDelegate.swift in Sources */ = {isa = PBXBuildFile; fileRef = C08920642401B64D0019754B /* SceneDelegate.swift */; };
		C08920672401B64D0019754B /* ViewController.swift in Sources */ = {isa = PBXBuildFile; fileRef = C08920662401B64D0019754B /* ViewController.swift */; };
		C089206A2401B64D0019754B /* Main.storyboard in Resources */ = {isa = PBXBuildFile; fileRef = C08920682401B64D0019754B /* Main.storyboard */; };
		C089206C2401B6520019754B /* Assets.xcassets in Resources */ = {isa = PBXBuildFile; fileRef = C089206B2401B6520019754B /* Assets.xcassets */; };
		C089206F2401B6520019754B /* LaunchScreen.storyboard in Resources */ = {isa = PBXBuildFile; fileRef = C089206D2401B6520019754B /* LaunchScreen.storyboard */; };
		C089207A2401B6520019754B /* LendTests.swift in Sources */ = {isa = PBXBuildFile; fileRef = C08920792401B6520019754B /* LendTests.swift */; };
		C08920852401B6520019754B /* LendUITests.swift in Sources */ = {isa = PBXBuildFile; fileRef = C08920842401B6520019754B /* LendUITests.swift */; };
/* End PBXBuildFile section */

/* Begin PBXContainerItemProxy section */
		C08920762401B6520019754B /* PBXContainerItemProxy */ = {
			isa = PBXContainerItemProxy;
			containerPortal = C08920572401B64D0019754B /* Project object */;
			proxyType = 1;
			remoteGlobalIDString = C089205E2401B64D0019754B;
			remoteInfo = Lend;
		};
		C08920812401B6520019754B /* PBXContainerItemProxy */ = {
			isa = PBXContainerItemProxy;
			containerPortal = C08920572401B64D0019754B /* Project object */;
			proxyType = 1;
			remoteGlobalIDString = C089205E2401B64D0019754B;
			remoteInfo = Lend;
		};
/* End PBXContainerItemProxy section */

/* Begin PBXFileReference section */
		C089205F2401B64D0019754B /* Lend.app */ = {isa = PBXFileReference; explicitFileType = wrapper.application; includeInIndex = 0; path = Lend.app; sourceTree = BUILT_PRODUCTS_DIR; };
		C08920622401B64D0019754B /* AppDelegate.swift */ = {isa = PBXFileReference; lastKnownFileType = sourcecode.swift; path = AppDelegate.swift; sourceTree = "<group>"; };
		C08920642401B64D0019754B /* SceneDelegate.swift */ = {isa = PBXFileReference; lastKnownFileType = sourcecode.swift; path = SceneDelegate.swift; sourceTree = "<group>"; };
		C08920662401B64D0019754B /* ViewController.swift */ = {isa = PBXFileReference; lastKnownFileType = sourcecode.swift; path = ViewController.swift; sourceTree = "<group>"; };
		C08920692401B64D0019754B /* Base */ = {isa = PBXFileReference; lastKnownFileType = file.storyboard; name = Base; path = Base.lproj/Main.storyboard; sourceTree = "<group>"; };
		C089206B2401B6520019754B /* Assets.xcassets */ = {isa = PBXFileReference; lastKnownFileType = folder.assetcatalog; path = Assets.xcassets; sourceTree = "<group>"; };
		C089206E2401B6520019754B /* Base */ = {isa = PBXFileReference; lastKnownFileType = file.storyboard; name = Base; path = Base.lproj/LaunchScreen.storyboard; sourceTree = "<group>"; };
		C08920702401B6520019754B /* Info.plist */ = {isa = PBXFileReference; lastKnownFileType = text.plist.xml; path = Info.plist; sourceTree = "<group>"; };
		C08920752401B6520019754B /* LendTests.xctest */ = {isa = PBXFileReference; explicitFileType = wrapper.cfbundle; includeInIndex = 0; path = LendTests.xctest; sourceTree = BUILT_PRODUCTS_DIR; };
		C08920792401B6520019754B /* LendTests.swift */ = {isa = PBXFileReference; lastKnownFileType = sourcecode.swift; path = LendTests.swift; sourceTree = "<group>"; };
		C089207B2401B6520019754B /* Info.plist */ = {isa = PBXFileReference; lastKnownFileType = text.plist.xml; path = Info.plist; sourceTree = "<group>"; };
		C08920802401B6520019754B /* LendUITests.xctest */ = {isa = PBXFileReference; explicitFileType = wrapper.cfbundle; includeInIndex = 0; path = LendUITests.xctest; sourceTree = BUILT_PRODUCTS_DIR; };
		C08920842401B6520019754B /* LendUITests.swift */ = {isa = PBXFileReference; lastKnownFileType = sourcecode.swift; path = LendUITests.swift; sourceTree = "<group>"; };
		C08920862401B6520019754B /* Info.plist */ = {isa = PBXFileReference; lastKnownFileType = text.plist.xml; path = Info.plist; sourceTree = "<group>"; };
/* End PBXFileReference section */

/* Begin PBXFrameworksBuildPhase section */
		C089205C2401B64D0019754B /* Frameworks */ = {
			isa = PBXFrameworksBuildPhase;
			buildActionMask = 2147483647;
			files = (
			);
			runOnlyForDeploymentPostprocessing = 0;
		};
		C08920722401B6520019754B /* Frameworks */ = {
			isa = PBXFrameworksBuildPhase;
			buildActionMask = 2147483647;
			files = (
			);
			runOnlyForDeploymentPostprocessing = 0;
		};
		C089207D2401B6520019754B /* Frameworks */ = {
			isa = PBXFrameworksBuildPhase;
			buildActionMask = 2147483647;
			files = (
			);
			runOnlyForDeploymentPostprocessing = 0;
		};
/* End PBXFrameworksBuildPhase section */

/* Begin PBXGroup section */
		C08920562401B64D0019754B = {
			isa = PBXGroup;
			children = (
				C08920612401B64D0019754B /* Lend */,
				C08920782401B6520019754B /* LendTests */,
				C08920832401B6520019754B /* LendUITests */,
				C08920602401B64D0019754B /* Products */,
			);
			sourceTree = "<group>";
		};
		C08920602401B64D0019754B /* Products */ = {
			isa = PBXGroup;
			children = (
				C089205F2401B64D0019754B /* Lend.app */,
				C08920752401B6520019754B /* LendTests.xctest */,
				C08920802401B6520019754B /* LendUITests.xctest */,
			);
			name = Products;
			sourceTree = "<group>";
		};
		C08920612401B64D0019754B /* Lend */ = {
			isa = PBXGroup;
			children = (
				C08920622401B64D0019754B /* AppDelegate.swift */,
				C08920642401B64D0019754B /* SceneDelegate.swift */,
				C08920662401B64D0019754B /* ViewController.swift */,
				C08920682401B64D0019754B /* Main.storyboard */,
				C089206B2401B6520019754B /* Assets.xcassets */,
				C089206D2401B6520019754B /* LaunchScreen.storyboard */,
				C08920702401B6520019754B /* Info.plist */,
			);
			path = Lend;
			sourceTree = "<group>";
		};
		C08920782401B6520019754B /* LendTests */ = {
			isa = PBXGroup;
			children = (
				C08920792401B6520019754B /* LendTests.swift */,
				C089207B2401B6520019754B /* Info.plist */,
			);
			path = LendTests;
			sourceTree = "<group>";
		};
		C08920832401B6520019754B /* LendUITests */ = {
			isa = PBXGroup;
			children = (
				C08920842401B6520019754B /* LendUITests.swift */,
				C08920862401B6520019754B /* Info.plist */,
			);
			path = LendUITests;
			sourceTree = "<group>";
		};
/* End PBXGroup section */

/* Begin PBXNativeTarget section */
		C089205E2401B64D0019754B /* Lend */ = {
			isa = PBXNativeTarget;
			buildConfigurationList = C08920892401B6520019754B /* Build configuration list for PBXNativeTarget "Lend" */;
			buildPhases = (
				C089205B2401B64D0019754B /* Sources */,
				C089205C2401B64D0019754B /* Frameworks */,
				C089205D2401B64D0019754B /* Resources */,
			);
			buildRules = (
			);
			dependencies = (
			);
			name = Lend;
			productName = Lend;
			productReference = C089205F2401B64D0019754B /* Lend.app */;
			productType = "com.apple.product-type.application";
		};
		C08920742401B6520019754B /* LendTests */ = {
			isa = PBXNativeTarget;
			buildConfigurationList = C089208C2401B6520019754B /* Build configuration list for PBXNativeTarget "LendTests" */;
			buildPhases = (
				C08920712401B6520019754B /* Sources */,
				C08920722401B6520019754B /* Frameworks */,
				C08920732401B6520019754B /* Resources */,
			);
			buildRules = (
			);
			dependencies = (
				C08920772401B6520019754B /* PBXTargetDependency */,
			);
			name = LendTests;
			productName = LendTests;
			productReference = C08920752401B6520019754B /* LendTests.xctest */;
			productType = "com.apple.product-type.bundle.unit-test";
		};
		C089207F2401B6520019754B /* LendUITests */ = {
			isa = PBXNativeTarget;
			buildConfigurationList = C089208F2401B6520019754B /* Build configuration list for PBXNativeTarget "LendUITests" */;
			buildPhases = (
				C089207C2401B6520019754B /* Sources */,
				C089207D2401B6520019754B /* Frameworks */,
				C089207E2401B6520019754B /* Resources */,
			);
			buildRules = (
			);
			dependencies = (
				C08920822401B6520019754B /* PBXTargetDependency */,
			);
			name = LendUITests;
			productName = LendUITests;
			productReference = C08920802401B6520019754B /* LendUITests.xctest */;
			productType = "com.apple.product-type.bundle.ui-testing";
		};
/* End PBXNativeTarget section */

/* Begin PBXProject section */
		C08920572401B64D0019754B /* Project object */ = {
			isa = PBXProject;
			attributes = {
				LastSwiftUpdateCheck = 1120;
				LastUpgradeCheck = 1120;
				ORGANIZATIONNAME = mdb;
				TargetAttributes = {
					C089205E2401B64D0019754B = {
						CreatedOnToolsVersion = 11.2;
					};
					C08920742401B6520019754B = {
						CreatedOnToolsVersion = 11.2;
						TestTargetID = C089205E2401B64D0019754B;
					};
					C089207F2401B6520019754B = {
						CreatedOnToolsVersion = 11.2;
						TestTargetID = C089205E2401B64D0019754B;
					};
				};
			};
			buildConfigurationList = C089205A2401B64D0019754B /* Build configuration list for PBXProject "Lend" */;
			compatibilityVersion = "Xcode 9.3";
			developmentRegion = en;
			hasScannedForEncodings = 0;
			knownRegions = (
				en,
				Base,
			);
			mainGroup = C08920562401B64D0019754B;
			productRefGroup = C08920602401B64D0019754B /* Products */;
			projectDirPath = "";
			projectRoot = "";
			targets = (
				C089205E2401B64D0019754B /* Lend */,
				C08920742401B6520019754B /* LendTests */,
				C089207F2401B6520019754B /* LendUITests */,
			);
		};
/* End PBXProject section */

/* Begin PBXResourcesBuildPhase section */
		C089205D2401B64D0019754B /* Resources */ = {
			isa = PBXResourcesBuildPhase;
			buildActionMask = 2147483647;
			files = (
				C089206F2401B6520019754B /* LaunchScreen.storyboard in Resources */,
				C089206C2401B6520019754B /* Assets.xcassets in Resources */,
				C089206A2401B64D0019754B /* Main.storyboard in Resources */,
			);
			runOnlyForDeploymentPostprocessing = 0;
		};
		C08920732401B6520019754B /* Resources */ = {
			isa = PBXResourcesBuildPhase;
			buildActionMask = 2147483647;
			files = (
			);
			runOnlyForDeploymentPostprocessing = 0;
		};
		C089207E2401B6520019754B /* Resources */ = {
			isa = PBXResourcesBuildPhase;
			buildActionMask = 2147483647;
			files = (
			);
			runOnlyForDeploymentPostprocessing = 0;
		};
/* End PBXResourcesBuildPhase section */

/* Begin PBXSourcesBuildPhase section */
		C089205B2401B64D0019754B /* Sources */ = {
			isa = PBXSourcesBuildPhase;
			buildActionMask = 2147483647;
			files = (
				C08920672401B64D0019754B /* ViewController.swift in Sources */,
				C08920632401B64D0019754B /* AppDelegate.swift in Sources */,
				C08920652401B64D0019754B /* SceneDelegate.swift in Sources */,
			);
			runOnlyForDeploymentPostprocessing = 0;
		};
		C08920712401B6520019754B /* Sources */ = {
			isa = PBXSourcesBuildPhase;
			buildActionMask = 2147483647;
			files = (
				C089207A2401B6520019754B /* LendTests.swift in Sources */,
			);
			runOnlyForDeploymentPostprocessing = 0;
		};
		C089207C2401B6520019754B /* Sources */ = {
			isa = PBXSourcesBuildPhase;
			buildActionMask = 2147483647;
			files = (
				C08920852401B6520019754B /* LendUITests.swift in Sources */,
			);
			runOnlyForDeploymentPostprocessing = 0;
		};
/* End PBXSourcesBuildPhase section */

/* Begin PBXTargetDependency section */
		C08920772401B6520019754B /* PBXTargetDependency */ = {
			isa = PBXTargetDependency;
			target = C089205E2401B64D0019754B /* Lend */;
			targetProxy = C08920762401B6520019754B /* PBXContainerItemProxy */;
		};
		C08920822401B6520019754B /* PBXTargetDependency */ = {
			isa = PBXTargetDependency;
			target = C089205E2401B64D0019754B /* Lend */;
			targetProxy = C08920812401B6520019754B /* PBXContainerItemProxy */;
		};
/* End PBXTargetDependency section */

/* Begin PBXVariantGroup section */
		C08920682401B64D0019754B /* Main.storyboard */ = {
			isa = PBXVariantGroup;
			children = (
				C08920692401B64D0019754B /* Base */,
			);
			name = Main.storyboard;
			sourceTree = "<group>";
		};
		C089206D2401B6520019754B /* LaunchScreen.storyboard */ = {
			isa = PBXVariantGroup;
			children = (
				C089206E2401B6520019754B /* Base */,
			);
			name = LaunchScreen.storyboard;
			sourceTree = "<group>";
		};
/* End PBXVariantGroup section */

/* Begin XCBuildConfiguration section */
		C08920872401B6520019754B /* Debug */ = {
			isa = XCBuildConfiguration;
			buildSettings = {
				ALWAYS_SEARCH_USER_PATHS = NO;
				CLANG_ANALYZER_NONNULL = YES;
				CLANG_ANALYZER_NUMBER_OBJECT_CONVERSION = YES_AGGRESSIVE;
				CLANG_CXX_LANGUAGE_STANDARD = "gnu++14";
				CLANG_CXX_LIBRARY = "libc++";
				CLANG_ENABLE_MODULES = YES;
				CLANG_ENABLE_OBJC_ARC = YES;
				CLANG_ENABLE_OBJC_WEAK = YES;
				CLANG_WARN_BLOCK_CAPTURE_AUTORELEASING = YES;
				CLANG_WARN_BOOL_CONVERSION = YES;
				CLANG_WARN_COMMA = YES;
				CLANG_WARN_CONSTANT_CONVERSION = YES;
				CLANG_WARN_DEPRECATED_OBJC_IMPLEMENTATIONS = YES;
				CLANG_WARN_DIRECT_OBJC_ISA_USAGE = YES_ERROR;
				CLANG_WARN_DOCUMENTATION_COMMENTS = YES;
				CLANG_WARN_EMPTY_BODY = YES;
				CLANG_WARN_ENUM_CONVERSION = YES;
				CLANG_WARN_INFINITE_RECURSION = YES;
				CLANG_WARN_INT_CONVERSION = YES;
				CLANG_WARN_NON_LITERAL_NULL_CONVERSION = YES;
				CLANG_WARN_OBJC_IMPLICIT_RETAIN_SELF = YES;
				CLANG_WARN_OBJC_LITERAL_CONVERSION = YES;
				CLANG_WARN_OBJC_ROOT_CLASS = YES_ERROR;
				CLANG_WARN_RANGE_LOOP_ANALYSIS = YES;
				CLANG_WARN_STRICT_PROTOTYPES = YES;
				CLANG_WARN_SUSPICIOUS_MOVE = YES;
				CLANG_WARN_UNGUARDED_AVAILABILITY = YES_AGGRESSIVE;
				CLANG_WARN_UNREACHABLE_CODE = YES;
				CLANG_WARN__DUPLICATE_METHOD_MATCH = YES;
				COPY_PHASE_STRIP = NO;
				DEBUG_INFORMATION_FORMAT = dwarf;
				ENABLE_STRICT_OBJC_MSGSEND = YES;
				ENABLE_TESTABILITY = YES;
				GCC_C_LANGUAGE_STANDARD = gnu11;
				GCC_DYNAMIC_NO_PIC = NO;
				GCC_NO_COMMON_BLOCKS = YES;
				GCC_OPTIMIZATION_LEVEL = 0;
				GCC_PREPROCESSOR_DEFINITIONS = (
					"DEBUG=1",
					"$(inherited)",
				);
				GCC_WARN_64_TO_32_BIT_CONVERSION = YES;
				GCC_WARN_ABOUT_RETURN_TYPE = YES_ERROR;
				GCC_WARN_UNDECLARED_SELECTOR = YES;
				GCC_WARN_UNINITIALIZED_AUTOS = YES_AGGRESSIVE;
				GCC_WARN_UNUSED_FUNCTION = YES;
				GCC_WARN_UNUSED_VARIABLE = YES;
				IPHONEOS_DEPLOYMENT_TARGET = 13.2;
				MTL_ENABLE_DEBUG_INFO = INCLUDE_SOURCE;
				MTL_FAST_MATH = YES;
				ONLY_ACTIVE_ARCH = YES;
				SDKROOT = iphoneos;
				SWIFT_ACTIVE_COMPILATION_CONDITIONS = DEBUG;
				SWIFT_OPTIMIZATION_LEVEL = "-Onone";
			};
			name = Debug;
		};
		C08920882401B6520019754B /* Release */ = {
			isa = XCBuildConfiguration;
			buildSettings = {
				ALWAYS_SEARCH_USER_PATHS = NO;
				CLANG_ANALYZER_NONNULL = YES;
				CLANG_ANALYZER_NUMBER_OBJECT_CONVERSION = YES_AGGRESSIVE;
				CLANG_CXX_LANGUAGE_STANDARD = "gnu++14";
				CLANG_CXX_LIBRARY = "libc++";
				CLANG_ENABLE_MODULES = YES;
				CLANG_ENABLE_OBJC_ARC = YES;
				CLANG_ENABLE_OBJC_WEAK = YES;
				CLANG_WARN_BLOCK_CAPTURE_AUTORELEASING = YES;
				CLANG_WARN_BOOL_CONVERSION = YES;
				CLANG_WARN_COMMA = YES;
				CLANG_WARN_CONSTANT_CONVERSION = YES;
				CLANG_WARN_DEPRECATED_OBJC_IMPLEMENTATIONS = YES;
				CLANG_WARN_DIRECT_OBJC_ISA_USAGE = YES_ERROR;
				CLANG_WARN_DOCUMENTATION_COMMENTS = YES;
				CLANG_WARN_EMPTY_BODY = YES;
				CLANG_WARN_ENUM_CONVERSION = YES;
				CLANG_WARN_INFINITE_RECURSION = YES;
				CLANG_WARN_INT_CONVERSION = YES;
				CLANG_WARN_NON_LITERAL_NULL_CONVERSION = YES;
				CLANG_WARN_OBJC_IMPLICIT_RETAIN_SELF = YES;
				CLANG_WARN_OBJC_LITERAL_CONVERSION = YES;
				CLANG_WARN_OBJC_ROOT_CLASS = YES_ERROR;
				CLANG_WARN_RANGE_LOOP_ANALYSIS = YES;
				CLANG_WARN_STRICT_PROTOTYPES = YES;
				CLANG_WARN_SUSPICIOUS_MOVE = YES;
				CLANG_WARN_UNGUARDED_AVAILABILITY = YES_AGGRESSIVE;
				CLANG_WARN_UNREACHABLE_CODE = YES;
				CLANG_WARN__DUPLICATE_METHOD_MATCH = YES;
				COPY_PHASE_STRIP = NO;
				DEBUG_INFORMATION_FORMAT = "dwarf-with-dsym";
				ENABLE_NS_ASSERTIONS = NO;
				ENABLE_STRICT_OBJC_MSGSEND = YES;
				GCC_C_LANGUAGE_STANDARD = gnu11;
				GCC_NO_COMMON_BLOCKS = YES;
				GCC_WARN_64_TO_32_BIT_CONVERSION = YES;
				GCC_WARN_ABOUT_RETURN_TYPE = YES_ERROR;
				GCC_WARN_UNDECLARED_SELECTOR = YES;
				GCC_WARN_UNINITIALIZED_AUTOS = YES_AGGRESSIVE;
				GCC_WARN_UNUSED_FUNCTION = YES;
				GCC_WARN_UNUSED_VARIABLE = YES;
				IPHONEOS_DEPLOYMENT_TARGET = 13.2;
				MTL_ENABLE_DEBUG_INFO = NO;
				MTL_FAST_MATH = YES;
				SDKROOT = iphoneos;
				SWIFT_COMPILATION_MODE = wholemodule;
				SWIFT_OPTIMIZATION_LEVEL = "-O";
				VALIDATE_PRODUCT = YES;
			};
			name = Release;
		};
		C089208A2401B6520019754B /* Debug */ = {
			isa = XCBuildConfiguration;
			buildSettings = {
				ASSETCATALOG_COMPILER_APPICON_NAME = AppIcon;
				CODE_SIGN_STYLE = Automatic;
				DEVELOPMENT_TEAM = VRFM9SVCZM;
				INFOPLIST_FILE = Lend/Info.plist;
				LD_RUNPATH_SEARCH_PATHS = (
					"$(inherited)",
					"@executable_path/Frameworks",
				);
				PRODUCT_BUNDLE_IDENTIFIER = mdb.Lend;
				PRODUCT_NAME = "$(TARGET_NAME)";
				SWIFT_VERSION = 5.0;
				TARGETED_DEVICE_FAMILY = "1,2";
			};
			name = Debug;
		};
		C089208B2401B6520019754B /* Release */ = {
			isa = XCBuildConfiguration;
			buildSettings = {
				ASSETCATALOG_COMPILER_APPICON_NAME = AppIcon;
				CODE_SIGN_STYLE = Automatic;
				DEVELOPMENT_TEAM = VRFM9SVCZM;
				INFOPLIST_FILE = Lend/Info.plist;
				LD_RUNPATH_SEARCH_PATHS = (
					"$(inherited)",
					"@executable_path/Frameworks",
				);
				PRODUCT_BUNDLE_IDENTIFIER = mdb.Lend;
				PRODUCT_NAME = "$(TARGET_NAME)";
				SWIFT_VERSION = 5.0;
				TARGETED_DEVICE_FAMILY = "1,2";
			};
			name = Release;
		};
		C089208D2401B6520019754B /* Debug */ = {
			isa = XCBuildConfiguration;
			buildSettings = {
				ALWAYS_EMBED_SWIFT_STANDARD_LIBRARIES = YES;
				BUNDLE_LOADER = "$(TEST_HOST)";
				CODE_SIGN_STYLE = Automatic;
				DEVELOPMENT_TEAM = VRFM9SVCZM;
				INFOPLIST_FILE = LendTests/Info.plist;
				IPHONEOS_DEPLOYMENT_TARGET = 13.2;
				LD_RUNPATH_SEARCH_PATHS = (
					"$(inherited)",
					"@executable_path/Frameworks",
					"@loader_path/Frameworks",
				);
				PRODUCT_BUNDLE_IDENTIFIER = mdb.LendTests;
				PRODUCT_NAME = "$(TARGET_NAME)";
				SWIFT_VERSION = 5.0;
				TARGETED_DEVICE_FAMILY = "1,2";
				TEST_HOST = "$(BUILT_PRODUCTS_DIR)/Lend.app/Lend";
			};
			name = Debug;
		};
		C089208E2401B6520019754B /* Release */ = {
			isa = XCBuildConfiguration;
			buildSettings = {
				ALWAYS_EMBED_SWIFT_STANDARD_LIBRARIES = YES;
				BUNDLE_LOADER = "$(TEST_HOST)";
				CODE_SIGN_STYLE = Automatic;
				DEVELOPMENT_TEAM = VRFM9SVCZM;
				INFOPLIST_FILE = LendTests/Info.plist;
				IPHONEOS_DEPLOYMENT_TARGET = 13.2;
				LD_RUNPATH_SEARCH_PATHS = (
					"$(inherited)",
					"@executable_path/Frameworks",
					"@loader_path/Frameworks",
				);
				PRODUCT_BUNDLE_IDENTIFIER = mdb.LendTests;
				PRODUCT_NAME = "$(TARGET_NAME)";
				SWIFT_VERSION = 5.0;
				TARGETED_DEVICE_FAMILY = "1,2";
				TEST_HOST = "$(BUILT_PRODUCTS_DIR)/Lend.app/Lend";
			};
			name = Release;
		};
		C08920902401B6520019754B /* Debug */ = {
			isa = XCBuildConfiguration;
			buildSettings = {
				ALWAYS_EMBED_SWIFT_STANDARD_LIBRARIES = YES;
				CODE_SIGN_STYLE = Automatic;
				DEVELOPMENT_TEAM = VRFM9SVCZM;
				INFOPLIST_FILE = LendUITests/Info.plist;
				LD_RUNPATH_SEARCH_PATHS = (
					"$(inherited)",
					"@executable_path/Frameworks",
					"@loader_path/Frameworks",
				);
				PRODUCT_BUNDLE_IDENTIFIER = mdb.LendUITests;
				PRODUCT_NAME = "$(TARGET_NAME)";
				SWIFT_VERSION = 5.0;
				TARGETED_DEVICE_FAMILY = "1,2";
				TEST_TARGET_NAME = Lend;
			};
			name = Debug;
		};
		C08920912401B6520019754B /* Release */ = {
			isa = XCBuildConfiguration;
			buildSettings = {
				ALWAYS_EMBED_SWIFT_STANDARD_LIBRARIES = YES;
				CODE_SIGN_STYLE = Automatic;
				DEVELOPMENT_TEAM = VRFM9SVCZM;
				INFOPLIST_FILE = LendUITests/Info.plist;
				LD_RUNPATH_SEARCH_PATHS = (
					"$(inherited)",
					"@executable_path/Frameworks",
					"@loader_path/Frameworks",
				);
				PRODUCT_BUNDLE_IDENTIFIER = mdb.LendUITests;
				PRODUCT_NAME = "$(TARGET_NAME)";
				SWIFT_VERSION = 5.0;
				TARGETED_DEVICE_FAMILY = "1,2";
				TEST_TARGET_NAME = Lend;
			};
			name = Release;
		};
/* End XCBuildConfiguration section */

/* Begin XCConfigurationList section */
		C089205A2401B64D0019754B /* Build configuration list for PBXProject "Lend" */ = {
			isa = XCConfigurationList;
			buildConfigurations = (
				C08920872401B6520019754B /* Debug */,
				C08920882401B6520019754B /* Release */,
			);
			defaultConfigurationIsVisible = 0;
			defaultConfigurationName = Release;
		};
		C08920892401B6520019754B /* Build configuration list for PBXNativeTarget "Lend" */ = {
			isa = XCConfigurationList;
			buildConfigurations = (
				C089208A2401B6520019754B /* Debug */,
				C089208B2401B6520019754B /* Release */,
			);
			defaultConfigurationIsVisible = 0;
			defaultConfigurationName = Release;
		};
		C089208C2401B6520019754B /* Build configuration list for PBXNativeTarget "LendTests" */ = {
			isa = XCConfigurationList;
			buildConfigurations = (
				C089208D2401B6520019754B /* Debug */,
				C089208E2401B6520019754B /* Release */,
			);
			defaultConfigurationIsVisible = 0;
			defaultConfigurationName = Release;
		};
		C089208F2401B6520019754B /* Build configuration list for PBXNativeTarget "LendUITests" */ = {
			isa = XCConfigurationList;
			buildConfigurations = (
				C08920902401B6520019754B /* Debug */,
				C08920912401B6520019754B /* Release */,
			);
			defaultConfigurationIsVisible = 0;
			defaultConfigurationName = Release;
		};
/* End XCConfigurationList section */
	};
	rootObject = C08920572401B64D0019754B /* Project object */;
}
