// !$*UTF8*$!
{
	archiveVersion = 1;
	classes = {
	};
	objectVersion = 51;
	objects = {

/* Begin PBXBuildFile section */
		5E52B6F47869F9AFFF51C4EA /* Pods_LendTests.framework in Frameworks */ = {isa = PBXBuildFile; fileRef = 85316B9188D6C663C6EA39CF /* Pods_LendTests.framework */; };
		601B68099A4C4363D7D1DFA5 /* Pods_Lend.framework in Frameworks */ = {isa = PBXBuildFile; fileRef = 7E5BA7394375940A6F265522 /* Pods_Lend.framework */; };
		B0B81C7E575F3ADB530A5143 /* Pods_Lend_LendUITests.framework in Frameworks */ = {isa = PBXBuildFile; fileRef = 9D2C9A05C96D605E1DC1C33A /* Pods_Lend_LendUITests.framework */; };
		C03284192401D38D00C750D1 /* Assets.xcassets in Resources */ = {isa = PBXBuildFile; fileRef = C03284182401D38D00C750D1 /* Assets.xcassets */; };
		C032841C2401D6F800C750D1 /* Microsoft Sans Serif.ttf in Resources */ = {isa = PBXBuildFile; fileRef = C032841B2401D6F800C750D1 /* Microsoft Sans Serif.ttf */; };
		C032841D2401D71A00C750D1 /* Microsoft Sans Serif.ttf in Resources */ = {isa = PBXBuildFile; fileRef = C032841B2401D6F800C750D1 /* Microsoft Sans Serif.ttf */; };
		C08920632401B64D0019754B /* AppDelegate.swift in Sources */ = {isa = PBXBuildFile; fileRef = C08920622401B64D0019754B /* AppDelegate.swift */; };
		C08920652401B64D0019754B /* SceneDelegate.swift in Sources */ = {isa = PBXBuildFile; fileRef = C08920642401B64D0019754B /* SceneDelegate.swift */; };
		C089206A2401B64D0019754B /* Main.storyboard in Resources */ = {isa = PBXBuildFile; fileRef = C08920682401B64D0019754B /* Main.storyboard */; };
		C089206F2401B6520019754B /* LaunchScreen.storyboard in Resources */ = {isa = PBXBuildFile; fileRef = C089206D2401B6520019754B /* LaunchScreen.storyboard */; };
		C089207A2401B6520019754B /* LendTests.swift in Sources */ = {isa = PBXBuildFile; fileRef = C08920792401B6520019754B /* LendTests.swift */; };
		C08920852401B6520019754B /* LendUITests.swift in Sources */ = {isa = PBXBuildFile; fileRef = C08920842401B6520019754B /* LendUITests.swift */; };
		C0A4F23224131DE8005D8158 /* LoginScreenViewController.swift in Sources */ = {isa = PBXBuildFile; fileRef = C0A4F23124131DE8005D8158 /* LoginScreenViewController.swift */; };
		C0A4F234241321D9005D8158 /* Colors.swift in Sources */ = {isa = PBXBuildFile; fileRef = C0A4F233241321D9005D8158 /* Colors.swift */; };
		C0A4F23624132893005D8158 /* UnderLineTextField.swift in Sources */ = {isa = PBXBuildFile; fileRef = C0A4F23524132893005D8158 /* UnderLineTextField.swift */; };
		C0A4F23824132AFA005D8158 /* Utils.swift in Sources */ = {isa = PBXBuildFile; fileRef = C0A4F23724132AFA005D8158 /* Utils.swift */; };
		C0A4F23A24132EAF005D8158 /* GoogleService-Info.plist in Resources */ = {isa = PBXBuildFile; fileRef = C0A4F23924132EAF005D8158 /* GoogleService-Info.plist */; };
		C0A4F23C2413310B005D8158 /* HandleLogin.swift in Sources */ = {isa = PBXBuildFile; fileRef = C0A4F23B2413310B005D8158 /* HandleLogin.swift */; };
		C0A4F23E24133282005D8158 /* PerformLogin.swift in Sources */ = {isa = PBXBuildFile; fileRef = C0A4F23D24133282005D8158 /* PerformLogin.swift */; };
		C0A4F242241388ED005D8158 /* LendUser.swift in Sources */ = {isa = PBXBuildFile; fileRef = C0A4F241241388ED005D8158 /* LendUser.swift */; };
		C0A4F24424138E21005D8158 /* Item.swift in Sources */ = {isa = PBXBuildFile; fileRef = C0A4F24324138E21005D8158 /* Item.swift */; };
		C0A4F246241393FD005D8158 /* DashboardViewController.swift in Sources */ = {isa = PBXBuildFile; fileRef = C0A4F245241393FD005D8158 /* DashboardViewController.swift */; };
/* End PBXBuildFile section */

/* Begin PBXContainerItemProxy section */
		C08920762401B6520019754B /* PBXContainerItemProxy */ = {
			isa = PBXContainerItemProxy;
			containerPortal = C08920572401B64D0019754B /* Project object */;
			proxyType = 1;
			remoteGlobalIDString = C089205E2401B64D0019754B;
			remoteInfo = Lend;
		};
		C08920812401B6520019754B /* PBXContainerItemProxy */ = {
			isa = PBXContainerItemProxy;
			containerPortal = C08920572401B64D0019754B /* Project object */;
			proxyType = 1;
			remoteGlobalIDString = C089205E2401B64D0019754B;
			remoteInfo = Lend;
		};
/* End PBXContainerItemProxy section */

/* Begin PBXFileReference section */
		03A787081285E818109F89EB /* Pods-Lend-LendUITests.release.xcconfig */ = {isa = PBXFileReference; includeInIndex = 1; lastKnownFileType = text.xcconfig; name = "Pods-Lend-LendUITests.release.xcconfig"; path = "Target Support Files/Pods-Lend-LendUITests/Pods-Lend-LendUITests.release.xcconfig"; sourceTree = "<group>"; };
		32B1CCFAFA9C0895EBABD0F9 /* Pods-Lend.release.xcconfig */ = {isa = PBXFileReference; includeInIndex = 1; lastKnownFileType = text.xcconfig; name = "Pods-Lend.release.xcconfig"; path = "Target Support Files/Pods-Lend/Pods-Lend.release.xcconfig"; sourceTree = "<group>"; };
		7D1D8E725DE40C4C9085707C /* Pods-Lend-LendUITests.debug.xcconfig */ = {isa = PBXFileReference; includeInIndex = 1; lastKnownFileType = text.xcconfig; name = "Pods-Lend-LendUITests.debug.xcconfig"; path = "Target Support Files/Pods-Lend-LendUITests/Pods-Lend-LendUITests.debug.xcconfig"; sourceTree = "<group>"; };
		7E5BA7394375940A6F265522 /* Pods_Lend.framework */ = {isa = PBXFileReference; explicitFileType = wrapper.framework; includeInIndex = 0; path = Pods_Lend.framework; sourceTree = BUILT_PRODUCTS_DIR; };
		85316B9188D6C663C6EA39CF /* Pods_LendTests.framework */ = {isa = PBXFileReference; explicitFileType = wrapper.framework; includeInIndex = 0; path = Pods_LendTests.framework; sourceTree = BUILT_PRODUCTS_DIR; };
		9914572021AB1A7A915BFDFB /* Pods-Lend.debug.xcconfig */ = {isa = PBXFileReference; includeInIndex = 1; lastKnownFileType = text.xcconfig; name = "Pods-Lend.debug.xcconfig"; path = "Target Support Files/Pods-Lend/Pods-Lend.debug.xcconfig"; sourceTree = "<group>"; };
		9D2C9A05C96D605E1DC1C33A /* Pods_Lend_LendUITests.framework */ = {isa = PBXFileReference; explicitFileType = wrapper.framework; includeInIndex = 0; path = Pods_Lend_LendUITests.framework; sourceTree = BUILT_PRODUCTS_DIR; };
		9D5ECD131F3D0DF78937920E /* Pods-LendTests.release.xcconfig */ = {isa = PBXFileReference; includeInIndex = 1; lastKnownFileType = text.xcconfig; name = "Pods-LendTests.release.xcconfig"; path = "Target Support Files/Pods-LendTests/Pods-LendTests.release.xcconfig"; sourceTree = "<group>"; };
		C03284182401D38D00C750D1 /* Assets.xcassets */ = {isa = PBXFileReference; lastKnownFileType = folder.assetcatalog; path = Assets.xcassets; sourceTree = "<group>"; };
		C032841B2401D6F800C750D1 /* Microsoft Sans Serif.ttf */ = {isa = PBXFileReference; lastKnownFileType = file; path = "Microsoft Sans Serif.ttf"; sourceTree = "<group>"; };
		C089205F2401B64D0019754B /* Lend.app */ = {isa = PBXFileReference; explicitFileType = wrapper.application; includeInIndex = 0; path = Lend.app; sourceTree = BUILT_PRODUCTS_DIR; };
		C08920622401B64D0019754B /* AppDelegate.swift */ = {isa = PBXFileReference; lastKnownFileType = sourcecode.swift; path = AppDelegate.swift; sourceTree = "<group>"; };
		C08920642401B64D0019754B /* SceneDelegate.swift */ = {isa = PBXFileReference; lastKnownFileType = sourcecode.swift; path = SceneDelegate.swift; sourceTree = "<group>"; };
		C08920692401B64D0019754B /* Base */ = {isa = PBXFileReference; lastKnownFileType = file.storyboard; name = Base; path = Base.lproj/Main.storyboard; sourceTree = "<group>"; };
		C089206E2401B6520019754B /* Base */ = {isa = PBXFileReference; lastKnownFileType = file.storyboard; name = Base; path = Base.lproj/LaunchScreen.storyboard; sourceTree = "<group>"; };
		C08920702401B6520019754B /* Info.plist */ = {isa = PBXFileReference; lastKnownFileType = text.plist.xml; path = Info.plist; sourceTree = "<group>"; };
		C08920752401B6520019754B /* LendTests.xctest */ = {isa = PBXFileReference; explicitFileType = wrapper.cfbundle; includeInIndex = 0; path = LendTests.xctest; sourceTree = BUILT_PRODUCTS_DIR; };
		C08920792401B6520019754B /* LendTests.swift */ = {isa = PBXFileReference; lastKnownFileType = sourcecode.swift; path = LendTests.swift; sourceTree = "<group>"; };
		C089207B2401B6520019754B /* Info.plist */ = {isa = PBXFileReference; lastKnownFileType = text.plist.xml; path = Info.plist; sourceTree = "<group>"; };
		C08920802401B6520019754B /* LendUITests.xctest */ = {isa = PBXFileReference; explicitFileType = wrapper.cfbundle; includeInIndex = 0; path = LendUITests.xctest; sourceTree = BUILT_PRODUCTS_DIR; };
		C08920842401B6520019754B /* LendUITests.swift */ = {isa = PBXFileReference; lastKnownFileType = sourcecode.swift; path = LendUITests.swift; sourceTree = "<group>"; };
		C08920862401B6520019754B /* Info.plist */ = {isa = PBXFileReference; lastKnownFileType = text.plist.xml; path = Info.plist; sourceTree = "<group>"; };
		C0A4F23124131DE8005D8158 /* LoginScreenViewController.swift */ = {isa = PBXFileReference; lastKnownFileType = sourcecode.swift; path = LoginScreenViewController.swift; sourceTree = "<group>"; };
		C0A4F233241321D9005D8158 /* Colors.swift */ = {isa = PBXFileReference; lastKnownFileType = sourcecode.swift; path = Colors.swift; sourceTree = "<group>"; };
		C0A4F23524132893005D8158 /* UnderLineTextField.swift */ = {isa = PBXFileReference; lastKnownFileType = sourcecode.swift; path = UnderLineTextField.swift; sourceTree = "<group>"; };
		C0A4F23724132AFA005D8158 /* Utils.swift */ = {isa = PBXFileReference; lastKnownFileType = sourcecode.swift; path = Utils.swift; sourceTree = "<group>"; };
		C0A4F23924132EAF005D8158 /* GoogleService-Info.plist */ = {isa = PBXFileReference; fileEncoding = 4; lastKnownFileType = text.plist.xml; path = "GoogleService-Info.plist"; sourceTree = "<group>"; };
		C0A4F23B2413310B005D8158 /* HandleLogin.swift */ = {isa = PBXFileReference; lastKnownFileType = sourcecode.swift; path = HandleLogin.swift; sourceTree = "<group>"; };
		C0A4F23D24133282005D8158 /* PerformLogin.swift */ = {isa = PBXFileReference; lastKnownFileType = sourcecode.swift; path = PerformLogin.swift; sourceTree = "<group>"; };
		C0A4F241241388ED005D8158 /* LendUser.swift */ = {isa = PBXFileReference; lastKnownFileType = sourcecode.swift; path = LendUser.swift; sourceTree = "<group>"; };
		C0A4F24324138E21005D8158 /* Item.swift */ = {isa = PBXFileReference; lastKnownFileType = sourcecode.swift; path = Item.swift; sourceTree = "<group>"; };
		C0A4F245241393FD005D8158 /* DashboardViewController.swift */ = {isa = PBXFileReference; lastKnownFileType = sourcecode.swift; path = DashboardViewController.swift; sourceTree = "<group>"; };
		DE62686D732EBEEC66E3EDE5 /* Pods-LendTests.debug.xcconfig */ = {isa = PBXFileReference; includeInIndex = 1; lastKnownFileType = text.xcconfig; name = "Pods-LendTests.debug.xcconfig"; path = "Target Support Files/Pods-LendTests/Pods-LendTests.debug.xcconfig"; sourceTree = "<group>"; };
/* End PBXFileReference section */

/* Begin PBXFrameworksBuildPhase section */
		C089205C2401B64D0019754B /* Frameworks */ = {
			isa = PBXFrameworksBuildPhase;
			buildActionMask = 2147483647;
			files = (
				601B68099A4C4363D7D1DFA5 /* Pods_Lend.framework in Frameworks */,
			);
			runOnlyForDeploymentPostprocessing = 0;
		};
		C08920722401B6520019754B /* Frameworks */ = {
			isa = PBXFrameworksBuildPhase;
			buildActionMask = 2147483647;
			files = (
				5E52B6F47869F9AFFF51C4EA /* Pods_LendTests.framework in Frameworks */,
			);
			runOnlyForDeploymentPostprocessing = 0;
		};
		C089207D2401B6520019754B /* Frameworks */ = {
			isa = PBXFrameworksBuildPhase;
			buildActionMask = 2147483647;
			files = (
				B0B81C7E575F3ADB530A5143 /* Pods_Lend_LendUITests.framework in Frameworks */,
			);
			runOnlyForDeploymentPostprocessing = 0;
		};
/* End PBXFrameworksBuildPhase section */

/* Begin PBXGroup section */
		1D40E776D278DB0277BB7684 /* Frameworks */ = {
			isa = PBXGroup;
			children = (
				7E5BA7394375940A6F265522 /* Pods_Lend.framework */,
				9D2C9A05C96D605E1DC1C33A /* Pods_Lend_LendUITests.framework */,
				85316B9188D6C663C6EA39CF /* Pods_LendTests.framework */,
			);
			name = Frameworks;
			sourceTree = "<group>";
		};
		8AB1992CF0C1564FE2280FEC /* Pods */ = {
			isa = PBXGroup;
			children = (
				9914572021AB1A7A915BFDFB /* Pods-Lend.debug.xcconfig */,
				32B1CCFAFA9C0895EBABD0F9 /* Pods-Lend.release.xcconfig */,
				7D1D8E725DE40C4C9085707C /* Pods-Lend-LendUITests.debug.xcconfig */,
				03A787081285E818109F89EB /* Pods-Lend-LendUITests.release.xcconfig */,
				DE62686D732EBEEC66E3EDE5 /* Pods-LendTests.debug.xcconfig */,
				9D5ECD131F3D0DF78937920E /* Pods-LendTests.release.xcconfig */,
			);
			path = Pods;
			sourceTree = "<group>";
		};
		C032841A2401D6BE00C750D1 /* Resources */ = {
			isa = PBXGroup;
			children = (
				C032841B2401D6F800C750D1 /* Microsoft Sans Serif.ttf */,
				C0A4F233241321D9005D8158 /* Colors.swift */,
				C0A4F23524132893005D8158 /* UnderLineTextField.swift */,
				C0A4F23724132AFA005D8158 /* Utils.swift */,
			);
			path = Resources;
			sourceTree = "<group>";
		};
		C08920562401B64D0019754B = {
			isa = PBXGroup;
			children = (
				C08920612401B64D0019754B /* Lend */,
				C08920782401B6520019754B /* LendTests */,
				C08920832401B6520019754B /* LendUITests */,
				C08920602401B64D0019754B /* Products */,
				8AB1992CF0C1564FE2280FEC /* Pods */,
				1D40E776D278DB0277BB7684 /* Frameworks */,
			);
			sourceTree = "<group>";
		};
		C08920602401B64D0019754B /* Products */ = {
			isa = PBXGroup;
			children = (
				C089205F2401B64D0019754B /* Lend.app */,
				C08920752401B6520019754B /* LendTests.xctest */,
				C08920802401B6520019754B /* LendUITests.xctest */,
			);
			name = Products;
			sourceTree = "<group>";
		};
		C08920612401B64D0019754B /* Lend */ = {
			isa = PBXGroup;
			children = (
				C032841A2401D6BE00C750D1 /* Resources */,
				C08920942401C2440019754B /* Controller */,
				C08920932401C2240019754B /* View */,
				C08920922401C2200019754B /* Model */,
				C08920622401B64D0019754B /* AppDelegate.swift */,
				C08920642401B64D0019754B /* SceneDelegate.swift */,
				C08920682401B64D0019754B /* Main.storyboard */,
				C089206D2401B6520019754B /* LaunchScreen.storyboard */,
				C0A4F23924132EAF005D8158 /* GoogleService-Info.plist */,
				C08920702401B6520019754B /* Info.plist */,
				C03284182401D38D00C750D1 /* Assets.xcassets */,
			);
			path = Lend;
			sourceTree = "<group>";
		};
		C08920782401B6520019754B /* LendTests */ = {
			isa = PBXGroup;
			children = (
				C08920792401B6520019754B /* LendTests.swift */,
				C089207B2401B6520019754B /* Info.plist */,
			);
			path = LendTests;
			sourceTree = "<group>";
		};
		C08920832401B6520019754B /* LendUITests */ = {
			isa = PBXGroup;
			children = (
				C08920842401B6520019754B /* LendUITests.swift */,
				C08920862401B6520019754B /* Info.plist */,
			);
			path = LendUITests;
			sourceTree = "<group>";
		};
		C08920922401C2200019754B /* Model */ = {
			isa = PBXGroup;
			children = (
				C0A4F23D24133282005D8158 /* PerformLogin.swift */,
				C0A4F241241388ED005D8158 /* LendUser.swift */,
				C0A4F24324138E21005D8158 /* Item.swift */,
			);
			path = Model;
			sourceTree = "<group>";
		};
		C08920932401C2240019754B /* View */ = {
			isa = PBXGroup;
			children = (
				C0A4F23124131DE8005D8158 /* LoginScreenViewController.swift */,
				C0A4F245241393FD005D8158 /* DashboardViewController.swift */,
			);
			path = View;
			sourceTree = "<group>";
		};
		C08920942401C2440019754B /* Controller */ = {
			isa = PBXGroup;
			children = (
				C0A4F23B2413310B005D8158 /* HandleLogin.swift */,
			);
			path = Controller;
			sourceTree = "<group>";
		};
/* End PBXGroup section */

/* Begin PBXNativeTarget section */
		C089205E2401B64D0019754B /* Lend */ = {
			isa = PBXNativeTarget;
			buildConfigurationList = C08920892401B6520019754B /* Build configuration list for PBXNativeTarget "Lend" */;
			buildPhases = (
				7EEA4D135C1439E0F112DA99 /* [CP] Check Pods Manifest.lock */,
				C089205B2401B64D0019754B /* Sources */,
				C089205C2401B64D0019754B /* Frameworks */,
				C089205D2401B64D0019754B /* Resources */,
				5381DB07A16ADE09E7C1B6A7 /* [CP] Embed Pods Frameworks */,
			);
			buildRules = (
			);
			dependencies = (
			);
			name = Lend;
			productName = Lend;
			productReference = C089205F2401B64D0019754B /* Lend.app */;
			productType = "com.apple.product-type.application";
		};
		C08920742401B6520019754B /* LendTests */ = {
			isa = PBXNativeTarget;
			buildConfigurationList = C089208C2401B6520019754B /* Build configuration list for PBXNativeTarget "LendTests" */;
			buildPhases = (
				8384EA646CD5E7B8730F814B /* [CP] Check Pods Manifest.lock */,
				C08920712401B6520019754B /* Sources */,
				C08920722401B6520019754B /* Frameworks */,
				C08920732401B6520019754B /* Resources */,
			);
			buildRules = (
			);
			dependencies = (
				C08920772401B6520019754B /* PBXTargetDependency */,
			);
			name = LendTests;
			productName = LendTests;
			productReference = C08920752401B6520019754B /* LendTests.xctest */;
			productType = "com.apple.product-type.bundle.unit-test";
		};
		C089207F2401B6520019754B /* LendUITests */ = {
			isa = PBXNativeTarget;
			buildConfigurationList = C089208F2401B6520019754B /* Build configuration list for PBXNativeTarget "LendUITests" */;
			buildPhases = (
				0C07EE96DEAC35D94A972683 /* [CP] Check Pods Manifest.lock */,
				C089207C2401B6520019754B /* Sources */,
				C089207D2401B6520019754B /* Frameworks */,
				C089207E2401B6520019754B /* Resources */,
				3FAD0AEA0E31B6E0C0A57169 /* [CP] Embed Pods Frameworks */,
			);
			buildRules = (
			);
			dependencies = (
				C08920822401B6520019754B /* PBXTargetDependency */,
			);
			name = LendUITests;
			productName = LendUITests;
			productReference = C08920802401B6520019754B /* LendUITests.xctest */;
			productType = "com.apple.product-type.bundle.ui-testing";
		};
/* End PBXNativeTarget section */

/* Begin PBXProject section */
		C08920572401B64D0019754B /* Project object */ = {
			isa = PBXProject;
			attributes = {
				LastSwiftUpdateCheck = 1120;
				LastUpgradeCheck = 1120;
				ORGANIZATIONNAME = mdb;
				TargetAttributes = {
					C089205E2401B64D0019754B = {
						CreatedOnToolsVersion = 11.2;
					};
					C08920742401B6520019754B = {
						CreatedOnToolsVersion = 11.2;
						TestTargetID = C089205E2401B64D0019754B;
					};
					C089207F2401B6520019754B = {
						CreatedOnToolsVersion = 11.2;
						TestTargetID = C089205E2401B64D0019754B;
					};
				};
			};
			buildConfigurationList = C089205A2401B64D0019754B /* Build configuration list for PBXProject "Lend" */;
			compatibilityVersion = "Xcode 9.3";
			developmentRegion = en;
			hasScannedForEncodings = 0;
			knownRegions = (
				en,
				Base,
			);
			mainGroup = C08920562401B64D0019754B;
			productRefGroup = C08920602401B64D0019754B /* Products */;
			projectDirPath = "";
			projectRoot = "";
			targets = (
				C089205E2401B64D0019754B /* Lend */,
				C08920742401B6520019754B /* LendTests */,
				C089207F2401B6520019754B /* LendUITests */,
			);
		};
/* End PBXProject section */

/* Begin PBXResourcesBuildPhase section */
		C089205D2401B64D0019754B /* Resources */ = {
			isa = PBXResourcesBuildPhase;
			buildActionMask = 2147483647;
			files = (
				C0A4F23A24132EAF005D8158 /* GoogleService-Info.plist in Resources */,
				C032841C2401D6F800C750D1 /* Microsoft Sans Serif.ttf in Resources */,
				C089206F2401B6520019754B /* LaunchScreen.storyboard in Resources */,
				C03284192401D38D00C750D1 /* Assets.xcassets in Resources */,
				C089206A2401B64D0019754B /* Main.storyboard in Resources */,
			);
			runOnlyForDeploymentPostprocessing = 0;
		};
		C08920732401B6520019754B /* Resources */ = {
			isa = PBXResourcesBuildPhase;
			buildActionMask = 2147483647;
			files = (
				C032841D2401D71A00C750D1 /* Microsoft Sans Serif.ttf in Resources */,
			);
			runOnlyForDeploymentPostprocessing = 0;
		};
		C089207E2401B6520019754B /* Resources */ = {
			isa = PBXResourcesBuildPhase;
			buildActionMask = 2147483647;
			files = (
			);
			runOnlyForDeploymentPostprocessing = 0;
		};
/* End PBXResourcesBuildPhase section */

/* Begin PBXShellScriptBuildPhase section */
		0C07EE96DEAC35D94A972683 /* [CP] Check Pods Manifest.lock */ = {
			isa = PBXShellScriptBuildPhase;
			buildActionMask = 2147483647;
			files = (
			);
			inputFileListPaths = (
			);
			inputPaths = (
				"${PODS_PODFILE_DIR_PATH}/Podfile.lock",
				"${PODS_ROOT}/Manifest.lock",
			);
			name = "[CP] Check Pods Manifest.lock";
			outputFileListPaths = (
			);
			outputPaths = (
				"$(DERIVED_FILE_DIR)/Pods-Lend-LendUITests-checkManifestLockResult.txt",
			);
			runOnlyForDeploymentPostprocessing = 0;
			shellPath = /bin/sh;
			shellScript = "diff \"${PODS_PODFILE_DIR_PATH}/Podfile.lock\" \"${PODS_ROOT}/Manifest.lock\" > /dev/null\nif [ $? != 0 ] ; then\n    # print error to STDERR\n    echo \"error: The sandbox is not in sync with the Podfile.lock. Run 'pod install' or update your CocoaPods installation.\" >&2\n    exit 1\nfi\n# This output is used by Xcode 'outputs' to avoid re-running this script phase.\necho \"SUCCESS\" > \"${SCRIPT_OUTPUT_FILE_0}\"\n";
			showEnvVarsInLog = 0;
		};
		3FAD0AEA0E31B6E0C0A57169 /* [CP] Embed Pods Frameworks */ = {
			isa = PBXShellScriptBuildPhase;
			buildActionMask = 2147483647;
			files = (
			);
			inputFileListPaths = (
				"${PODS_ROOT}/Target Support Files/Pods-Lend-LendUITests/Pods-Lend-LendUITests-frameworks-${CONFIGURATION}-input-files.xcfilelist",
			);
			name = "[CP] Embed Pods Frameworks";
			outputFileListPaths = (
				"${PODS_ROOT}/Target Support Files/Pods-Lend-LendUITests/Pods-Lend-LendUITests-frameworks-${CONFIGURATION}-output-files.xcfilelist",
			);
			runOnlyForDeploymentPostprocessing = 0;
			shellPath = /bin/sh;
			shellScript = "\"${PODS_ROOT}/Target Support Files/Pods-Lend-LendUITests/Pods-Lend-LendUITests-frameworks.sh\"\n";
			showEnvVarsInLog = 0;
		};
		5381DB07A16ADE09E7C1B6A7 /* [CP] Embed Pods Frameworks */ = {
			isa = PBXShellScriptBuildPhase;
			buildActionMask = 2147483647;
			files = (
			);
			inputFileListPaths = (
				"${PODS_ROOT}/Target Support Files/Pods-Lend/Pods-Lend-frameworks-${CONFIGURATION}-input-files.xcfilelist",
			);
			name = "[CP] Embed Pods Frameworks";
			outputFileListPaths = (
				"${PODS_ROOT}/Target Support Files/Pods-Lend/Pods-Lend-frameworks-${CONFIGURATION}-output-files.xcfilelist",
			);
			runOnlyForDeploymentPostprocessing = 0;
			shellPath = /bin/sh;
			shellScript = "\"${PODS_ROOT}/Target Support Files/Pods-Lend/Pods-Lend-frameworks.sh\"\n";
			showEnvVarsInLog = 0;
		};
		7EEA4D135C1439E0F112DA99 /* [CP] Check Pods Manifest.lock */ = {
			isa = PBXShellScriptBuildPhase;
			buildActionMask = 2147483647;
			files = (
			);
			inputFileListPaths = (
			);
			inputPaths = (
				"${PODS_PODFILE_DIR_PATH}/Podfile.lock",
				"${PODS_ROOT}/Manifest.lock",
			);
			name = "[CP] Check Pods Manifest.lock";
			outputFileListPaths = (
			);
			outputPaths = (
				"$(DERIVED_FILE_DIR)/Pods-Lend-checkManifestLockResult.txt",
			);
			runOnlyForDeploymentPostprocessing = 0;
			shellPath = /bin/sh;
			shellScript = "diff \"${PODS_PODFILE_DIR_PATH}/Podfile.lock\" \"${PODS_ROOT}/Manifest.lock\" > /dev/null\nif [ $? != 0 ] ; then\n    # print error to STDERR\n    echo \"error: The sandbox is not in sync with the Podfile.lock. Run 'pod install' or update your CocoaPods installation.\" >&2\n    exit 1\nfi\n# This output is used by Xcode 'outputs' to avoid re-running this script phase.\necho \"SUCCESS\" > \"${SCRIPT_OUTPUT_FILE_0}\"\n";
			showEnvVarsInLog = 0;
		};
		8384EA646CD5E7B8730F814B /* [CP] Check Pods Manifest.lock */ = {
			isa = PBXShellScriptBuildPhase;
			buildActionMask = 2147483647;
			files = (
			);
			inputFileListPaths = (
			);
			inputPaths = (
				"${PODS_PODFILE_DIR_PATH}/Podfile.lock",
				"${PODS_ROOT}/Manifest.lock",
			);
			name = "[CP] Check Pods Manifest.lock";
			outputFileListPaths = (
			);
			outputPaths = (
				"$(DERIVED_FILE_DIR)/Pods-LendTests-checkManifestLockResult.txt",
			);
			runOnlyForDeploymentPostprocessing = 0;
			shellPath = /bin/sh;
			shellScript = "diff \"${PODS_PODFILE_DIR_PATH}/Podfile.lock\" \"${PODS_ROOT}/Manifest.lock\" > /dev/null\nif [ $? != 0 ] ; then\n    # print error to STDERR\n    echo \"error: The sandbox is not in sync with the Podfile.lock. Run 'pod install' or update your CocoaPods installation.\" >&2\n    exit 1\nfi\n# This output is used by Xcode 'outputs' to avoid re-running this script phase.\necho \"SUCCESS\" > \"${SCRIPT_OUTPUT_FILE_0}\"\n";
			showEnvVarsInLog = 0;
		};
/* End PBXShellScriptBuildPhase section */

/* Begin PBXSourcesBuildPhase section */
		C089205B2401B64D0019754B /* Sources */ = {
			isa = PBXSourcesBuildPhase;
			buildActionMask = 2147483647;
			files = (
				C0A4F24424138E21005D8158 /* Item.swift in Sources */,
				C0A4F23624132893005D8158 /* UnderLineTextField.swift in Sources */,
				C0A4F23C2413310B005D8158 /* HandleLogin.swift in Sources */,
				C0A4F23E24133282005D8158 /* PerformLogin.swift in Sources */,
				C0A4F242241388ED005D8158 /* LendUser.swift in Sources */,
				C0A4F234241321D9005D8158 /* Colors.swift in Sources */,
				C0A4F23824132AFA005D8158 /* Utils.swift in Sources */,
				C08920632401B64D0019754B /* AppDelegate.swift in Sources */,
				C0A4F246241393FD005D8158 /* DashboardViewController.swift in Sources */,
				C0A4F23224131DE8005D8158 /* LoginScreenViewController.swift in Sources */,
				C08920652401B64D0019754B /* SceneDelegate.swift in Sources */,
			);
			runOnlyForDeploymentPostprocessing = 0;
		};
		C08920712401B6520019754B /* Sources */ = {
			isa = PBXSourcesBuildPhase;
			buildActionMask = 2147483647;
			files = (
				C089207A2401B6520019754B /* LendTests.swift in Sources */,
			);
			runOnlyForDeploymentPostprocessing = 0;
		};
		C089207C2401B6520019754B /* Sources */ = {
			isa = PBXSourcesBuildPhase;
			buildActionMask = 2147483647;
			files = (
				C08920852401B6520019754B /* LendUITests.swift in Sources */,
			);
			runOnlyForDeploymentPostprocessing = 0;
		};
/* End PBXSourcesBuildPhase section */

/* Begin PBXTargetDependency section */
		C08920772401B6520019754B /* PBXTargetDependency */ = {
			isa = PBXTargetDependency;
			target = C089205E2401B64D0019754B /* Lend */;
			targetProxy = C08920762401B6520019754B /* PBXContainerItemProxy */;
		};
		C08920822401B6520019754B /* PBXTargetDependency */ = {
			isa = PBXTargetDependency;
			target = C089205E2401B64D0019754B /* Lend */;
			targetProxy = C08920812401B6520019754B /* PBXContainerItemProxy */;
		};
/* End PBXTargetDependency section */

/* Begin PBXVariantGroup section */
		C08920682401B64D0019754B /* Main.storyboard */ = {
			isa = PBXVariantGroup;
			children = (
				C08920692401B64D0019754B /* Base */,
			);
			name = Main.storyboard;
			sourceTree = "<group>";
		};
		C089206D2401B6520019754B /* LaunchScreen.storyboard */ = {
			isa = PBXVariantGroup;
			children = (
				C089206E2401B6520019754B /* Base */,
			);
			name = LaunchScreen.storyboard;
			sourceTree = "<group>";
		};
/* End PBXVariantGroup section */

/* Begin XCBuildConfiguration section */
		C08920872401B6520019754B /* Debug */ = {
			isa = XCBuildConfiguration;
			buildSettings = {
				ALWAYS_SEARCH_USER_PATHS = NO;
				CLANG_ANALYZER_NONNULL = YES;
				CLANG_ANALYZER_NUMBER_OBJECT_CONVERSION = YES_AGGRESSIVE;
				CLANG_CXX_LANGUAGE_STANDARD = "gnu++14";
				CLANG_CXX_LIBRARY = "libc++";
				CLANG_ENABLE_MODULES = YES;
				CLANG_ENABLE_OBJC_ARC = YES;
				CLANG_ENABLE_OBJC_WEAK = YES;
				CLANG_WARN_BLOCK_CAPTURE_AUTORELEASING = YES;
				CLANG_WARN_BOOL_CONVERSION = YES;
				CLANG_WARN_COMMA = YES;
				CLANG_WARN_CONSTANT_CONVERSION = YES;
				CLANG_WARN_DEPRECATED_OBJC_IMPLEMENTATIONS = YES;
				CLANG_WARN_DIRECT_OBJC_ISA_USAGE = YES_ERROR;
				CLANG_WARN_DOCUMENTATION_COMMENTS = YES;
				CLANG_WARN_EMPTY_BODY = YES;
				CLANG_WARN_ENUM_CONVERSION = YES;
				CLANG_WARN_INFINITE_RECURSION = YES;
				CLANG_WARN_INT_CONVERSION = YES;
				CLANG_WARN_NON_LITERAL_NULL_CONVERSION = YES;
				CLANG_WARN_OBJC_IMPLICIT_RETAIN_SELF = YES;
				CLANG_WARN_OBJC_LITERAL_CONVERSION = YES;
				CLANG_WARN_OBJC_ROOT_CLASS = YES_ERROR;
				CLANG_WARN_RANGE_LOOP_ANALYSIS = YES;
				CLANG_WARN_STRICT_PROTOTYPES = YES;
				CLANG_WARN_SUSPICIOUS_MOVE = YES;
				CLANG_WARN_UNGUARDED_AVAILABILITY = YES_AGGRESSIVE;
				CLANG_WARN_UNREACHABLE_CODE = YES;
				CLANG_WARN__DUPLICATE_METHOD_MATCH = YES;
				COPY_PHASE_STRIP = NO;
				DEBUG_INFORMATION_FORMAT = dwarf;
				ENABLE_STRICT_OBJC_MSGSEND = YES;
				ENABLE_TESTABILITY = YES;
				GCC_C_LANGUAGE_STANDARD = gnu11;
				GCC_DYNAMIC_NO_PIC = NO;
				GCC_NO_COMMON_BLOCKS = YES;
				GCC_OPTIMIZATION_LEVEL = 0;
				GCC_PREPROCESSOR_DEFINITIONS = (
					"DEBUG=1",
					"$(inherited)",
				);
				GCC_WARN_64_TO_32_BIT_CONVERSION = YES;
				GCC_WARN_ABOUT_RETURN_TYPE = YES_ERROR;
				GCC_WARN_UNDECLARED_SELECTOR = YES;
				GCC_WARN_UNINITIALIZED_AUTOS = YES_AGGRESSIVE;
				GCC_WARN_UNUSED_FUNCTION = YES;
				GCC_WARN_UNUSED_VARIABLE = YES;
				IPHONEOS_DEPLOYMENT_TARGET = 13.2;
				MTL_ENABLE_DEBUG_INFO = INCLUDE_SOURCE;
				MTL_FAST_MATH = YES;
				ONLY_ACTIVE_ARCH = YES;
				SDKROOT = iphoneos;
				SWIFT_ACTIVE_COMPILATION_CONDITIONS = DEBUG;
				SWIFT_OPTIMIZATION_LEVEL = "-Onone";
			};
			name = Debug;
		};
		C08920882401B6520019754B /* Release */ = {
			isa = XCBuildConfiguration;
			buildSettings = {
				ALWAYS_SEARCH_USER_PATHS = NO;
				CLANG_ANALYZER_NONNULL = YES;
				CLANG_ANALYZER_NUMBER_OBJECT_CONVERSION = YES_AGGRESSIVE;
				CLANG_CXX_LANGUAGE_STANDARD = "gnu++14";
				CLANG_CXX_LIBRARY = "libc++";
				CLANG_ENABLE_MODULES = YES;
				CLANG_ENABLE_OBJC_ARC = YES;
				CLANG_ENABLE_OBJC_WEAK = YES;
				CLANG_WARN_BLOCK_CAPTURE_AUTORELEASING = YES;
				CLANG_WARN_BOOL_CONVERSION = YES;
				CLANG_WARN_COMMA = YES;
				CLANG_WARN_CONSTANT_CONVERSION = YES;
				CLANG_WARN_DEPRECATED_OBJC_IMPLEMENTATIONS = YES;
				CLANG_WARN_DIRECT_OBJC_ISA_USAGE = YES_ERROR;
				CLANG_WARN_DOCUMENTATION_COMMENTS = YES;
				CLANG_WARN_EMPTY_BODY = YES;
				CLANG_WARN_ENUM_CONVERSION = YES;
				CLANG_WARN_INFINITE_RECURSION = YES;
				CLANG_WARN_INT_CONVERSION = YES;
				CLANG_WARN_NON_LITERAL_NULL_CONVERSION = YES;
				CLANG_WARN_OBJC_IMPLICIT_RETAIN_SELF = YES;
				CLANG_WARN_OBJC_LITERAL_CONVERSION = YES;
				CLANG_WARN_OBJC_ROOT_CLASS = YES_ERROR;
				CLANG_WARN_RANGE_LOOP_ANALYSIS = YES;
				CLANG_WARN_STRICT_PROTOTYPES = YES;
				CLANG_WARN_SUSPICIOUS_MOVE = YES;
				CLANG_WARN_UNGUARDED_AVAILABILITY = YES_AGGRESSIVE;
				CLANG_WARN_UNREACHABLE_CODE = YES;
				CLANG_WARN__DUPLICATE_METHOD_MATCH = YES;
				COPY_PHASE_STRIP = NO;
				DEBUG_INFORMATION_FORMAT = "dwarf-with-dsym";
				ENABLE_NS_ASSERTIONS = NO;
				ENABLE_STRICT_OBJC_MSGSEND = YES;
				GCC_C_LANGUAGE_STANDARD = gnu11;
				GCC_NO_COMMON_BLOCKS = YES;
				GCC_WARN_64_TO_32_BIT_CONVERSION = YES;
				GCC_WARN_ABOUT_RETURN_TYPE = YES_ERROR;
				GCC_WARN_UNDECLARED_SELECTOR = YES;
				GCC_WARN_UNINITIALIZED_AUTOS = YES_AGGRESSIVE;
				GCC_WARN_UNUSED_FUNCTION = YES;
				GCC_WARN_UNUSED_VARIABLE = YES;
				IPHONEOS_DEPLOYMENT_TARGET = 13.2;
				MTL_ENABLE_DEBUG_INFO = NO;
				MTL_FAST_MATH = YES;
				SDKROOT = iphoneos;
				SWIFT_COMPILATION_MODE = wholemodule;
				SWIFT_OPTIMIZATION_LEVEL = "-O";
				VALIDATE_PRODUCT = YES;
			};
			name = Release;
		};
		C089208A2401B6520019754B /* Debug */ = {
			isa = XCBuildConfiguration;
			baseConfigurationReference = 9914572021AB1A7A915BFDFB /* Pods-Lend.debug.xcconfig */;
			buildSettings = {
				CODE_SIGN_STYLE = Automatic;
				DEVELOPMENT_TEAM = VRFM9SVCZM;
				INFOPLIST_FILE = Lend/Info.plist;
				LD_RUNPATH_SEARCH_PATHS = (
					"$(inherited)",
					"@executable_path/Frameworks",
				);
				PRODUCT_BUNDLE_IDENTIFIER = mdb.Lend;
				PRODUCT_NAME = "$(TARGET_NAME)";
				SWIFT_VERSION = 5.0;
				TARGETED_DEVICE_FAMILY = "1,2";
			};
			name = Debug;
		};
		C089208B2401B6520019754B /* Release */ = {
			isa = XCBuildConfiguration;
			baseConfigurationReference = 32B1CCFAFA9C0895EBABD0F9 /* Pods-Lend.release.xcconfig */;
			buildSettings = {
				CODE_SIGN_STYLE = Automatic;
				DEVELOPMENT_TEAM = VRFM9SVCZM;
				INFOPLIST_FILE = Lend/Info.plist;
				LD_RUNPATH_SEARCH_PATHS = (
					"$(inherited)",
					"@executable_path/Frameworks",
				);
				PRODUCT_BUNDLE_IDENTIFIER = mdb.Lend;
				PRODUCT_NAME = "$(TARGET_NAME)";
				SWIFT_VERSION = 5.0;
				TARGETED_DEVICE_FAMILY = "1,2";
			};
			name = Release;
		};
		C089208D2401B6520019754B /* Debug */ = {
			isa = XCBuildConfiguration;
			baseConfigurationReference = DE62686D732EBEEC66E3EDE5 /* Pods-LendTests.debug.xcconfig */;
			buildSettings = {
				ALWAYS_EMBED_SWIFT_STANDARD_LIBRARIES = YES;
				BUNDLE_LOADER = "$(TEST_HOST)";
				CODE_SIGN_STYLE = Automatic;
				DEVELOPMENT_TEAM = VRFM9SVCZM;
				INFOPLIST_FILE = LendTests/Info.plist;
				IPHONEOS_DEPLOYMENT_TARGET = 13.2;
				LD_RUNPATH_SEARCH_PATHS = (
					"$(inherited)",
					"@executable_path/Frameworks",
					"@loader_path/Frameworks",
				);
				PRODUCT_BUNDLE_IDENTIFIER = mdb.LendTests;
				PRODUCT_NAME = "$(TARGET_NAME)";
				SWIFT_VERSION = 5.0;
				TARGETED_DEVICE_FAMILY = "1,2";
				TEST_HOST = "$(BUILT_PRODUCTS_DIR)/Lend.app/Lend";
			};
			name = Debug;
		};
		C089208E2401B6520019754B /* Release */ = {
			isa = XCBuildConfiguration;
			baseConfigurationReference = 9D5ECD131F3D0DF78937920E /* Pods-LendTests.release.xcconfig */;
			buildSettings = {
				ALWAYS_EMBED_SWIFT_STANDARD_LIBRARIES = YES;
				BUNDLE_LOADER = "$(TEST_HOST)";
				CODE_SIGN_STYLE = Automatic;
				DEVELOPMENT_TEAM = VRFM9SVCZM;
				INFOPLIST_FILE = LendTests/Info.plist;
				IPHONEOS_DEPLOYMENT_TARGET = 13.2;
				LD_RUNPATH_SEARCH_PATHS = (
					"$(inherited)",
					"@executable_path/Frameworks",
					"@loader_path/Frameworks",
				);
				PRODUCT_BUNDLE_IDENTIFIER = mdb.LendTests;
				PRODUCT_NAME = "$(TARGET_NAME)";
				SWIFT_VERSION = 5.0;
				TARGETED_DEVICE_FAMILY = "1,2";
				TEST_HOST = "$(BUILT_PRODUCTS_DIR)/Lend.app/Lend";
			};
			name = Release;
		};
		C08920902401B6520019754B /* Debug */ = {
			isa = XCBuildConfiguration;
			baseConfigurationReference = 7D1D8E725DE40C4C9085707C /* Pods-Lend-LendUITests.debug.xcconfig */;
			buildSettings = {
				ALWAYS_EMBED_SWIFT_STANDARD_LIBRARIES = YES;
				CODE_SIGN_STYLE = Automatic;
				DEVELOPMENT_TEAM = VRFM9SVCZM;
				INFOPLIST_FILE = LendUITests/Info.plist;
				LD_RUNPATH_SEARCH_PATHS = (
					"$(inherited)",
					"@executable_path/Frameworks",
					"@loader_path/Frameworks",
				);
				PRODUCT_BUNDLE_IDENTIFIER = mdb.LendUITests;
				PRODUCT_NAME = "$(TARGET_NAME)";
				SWIFT_VERSION = 5.0;
				TARGETED_DEVICE_FAMILY = "1,2";
				TEST_TARGET_NAME = Lend;
			};
			name = Debug;
		};
		C08920912401B6520019754B /* Release */ = {
			isa = XCBuildConfiguration;
			baseConfigurationReference = 03A787081285E818109F89EB /* Pods-Lend-LendUITests.release.xcconfig */;
			buildSettings = {
				ALWAYS_EMBED_SWIFT_STANDARD_LIBRARIES = YES;
				CODE_SIGN_STYLE = Automatic;
				DEVELOPMENT_TEAM = VRFM9SVCZM;
				INFOPLIST_FILE = LendUITests/Info.plist;
				LD_RUNPATH_SEARCH_PATHS = (
					"$(inherited)",
					"@executable_path/Frameworks",
					"@loader_path/Frameworks",
				);
				PRODUCT_BUNDLE_IDENTIFIER = mdb.LendUITests;
				PRODUCT_NAME = "$(TARGET_NAME)";
				SWIFT_VERSION = 5.0;
				TARGETED_DEVICE_FAMILY = "1,2";
				TEST_TARGET_NAME = Lend;
			};
			name = Release;
		};
/* End XCBuildConfiguration section */

/* Begin XCConfigurationList section */
		C089205A2401B64D0019754B /* Build configuration list for PBXProject "Lend" */ = {
			isa = XCConfigurationList;
			buildConfigurations = (
				C08920872401B6520019754B /* Debug */,
				C08920882401B6520019754B /* Release */,
			);
			defaultConfigurationIsVisible = 0;
			defaultConfigurationName = Release;
		};
		C08920892401B6520019754B /* Build configuration list for PBXNativeTarget "Lend" */ = {
			isa = XCConfigurationList;
			buildConfigurations = (
				C089208A2401B6520019754B /* Debug */,
				C089208B2401B6520019754B /* Release */,
			);
			defaultConfigurationIsVisible = 0;
			defaultConfigurationName = Release;
		};
		C089208C2401B6520019754B /* Build configuration list for PBXNativeTarget "LendTests" */ = {
			isa = XCConfigurationList;
			buildConfigurations = (
				C089208D2401B6520019754B /* Debug */,
				C089208E2401B6520019754B /* Release */,
			);
			defaultConfigurationIsVisible = 0;
			defaultConfigurationName = Release;
		};
		C089208F2401B6520019754B /* Build configuration list for PBXNativeTarget "LendUITests" */ = {
			isa = XCConfigurationList;
			buildConfigurations = (
				C08920902401B6520019754B /* Debug */,
				C08920912401B6520019754B /* Release */,
			);
			defaultConfigurationIsVisible = 0;
			defaultConfigurationName = Release;
		};
/* End XCConfigurationList section */
	};
	rootObject = C08920572401B64D0019754B /* Project object */;
}
